<?xml version="1.0" encoding="utf-8"?>
<Project ToolsVersion="4.0" xmlns="http://schemas.microsoft.com/developer/msbuild/2003">
  <ItemGroup>
    <Filter Include="Source Files">
      <UniqueIdentifier>{dd2830cc-f589-490a-b667-74b97df97680}</UniqueIdentifier>
      <Extensions>cpp;c;cxx;rc;def;r;odl;idl;hpj;bat</Extensions>
    </Filter>
    <Filter Include="Header Files">
      <UniqueIdentifier>{41f304aa-6c5c-41fc-ac93-1d0a7572a358}</UniqueIdentifier>
      <Extensions>h;hpp;hxx;hm;inl</Extensions>
    </Filter>
    <Filter Include="Resource Files">
      <UniqueIdentifier>{af98c0ba-c787-4b97-8eac-2e1b22f6f47c}</UniqueIdentifier>
      <Extensions>ico;cur;bmp;dlg;rc2;rct;bin;rgs;gif;jpg;jpeg;jpe</Extensions>
    </Filter>
    <Filter Include="Documentation">
      <UniqueIdentifier>{176b6fa7-72d3-4f4c-ab39-cdbec4933b16}</UniqueIdentifier>
      <Extensions>txt,rtf,doc,html</Extensions>
    </Filter>
  </ItemGroup>
  <ItemGroup>
    <ClCompile Include="StdAfx.cpp">
      <Filter>Source Files</Filter>
    </ClCompile>
    <ClCompile Include="umod.cpp">
      <Filter>Source Files</Filter>
    </ClCompile>
  </ItemGroup>
  <ItemGroup>
    <ResourceCompile Include="umod.rc">
      <Filter>Source Files</Filter>
    </ResourceCompile>
  </ItemGroup>
  <ItemGroup>
    <ClInclude Include="StdAfx.h">
      <Filter>Header Files</Filter>
    </ClInclude>
    <ClInclude Include="umodcrc.h">
      <Filter>Header Files</Filter>
    </ClInclude>
    <ClInclude Include="wcxhead.h">
      <Filter>Header Files</Filter>
    </ClInclude>
    <ClInclude Include="resource.h">
      <Filter>Header Files</Filter>
    </ClInclude>
  </ItemGroup>
  <ItemGroup>
    <CustomBuild Include="umod.def">
      <Filter>Source Files</Filter>
    </CustomBuild>
    <CustomBuild Include="umod.ico">
      <Filter>Resource Files</Filter>
    </CustomBuild>
    <CustomBuild Include="LICENSE">
      <Filter>Documentation</Filter>
    </CustomBuild>
    <CustomBuild Include="README.md">
      <Filter>Documentation</Filter>
    </CustomBuild>
  </ItemGroup>
</Project>